{
  "version": 4,
  "terraform_version": "1.9.8",
  "serial": 4,
  "lineage": "8ec19e00-f018-3d7d-5d58-531e1f337f4f",
  "outputs": {},
  "resources": [
    {
      "mode": "data",
      "type": "archive_file",
      "name": "lambda",
      "provider": "provider[\"registry.terraform.io/hashicorp/archive\"]",
      "instances": [
        {
          "schema_version": 0,
          "attributes": {
            "exclude_symlink_directories": null,
            "excludes": null,
            "id": "b8979cbbf51f50216eb55d45bee5293790a0284c",
            "output_base64sha256": "5z387JINZbJW8SSz87aZchWeih7YIhF3rktHCLXStgk=",
            "output_base64sha512": "VwE5ob5QOOk91/vBOF/TLMDoKInH8BR02x4QGVP4oiAtSZvhHQjt14MXek8HDsJt6qsdTfnDH+tlEM1bE2Z8gA==",
            "output_file_mode": null,
            "output_md5": "9b5894b91d78b0364a85c8bbd0099d34",
            "output_path": "lambda_function.zip",
            "output_sha": "b8979cbbf51f50216eb55d45bee5293790a0284c",
            "output_sha256": "e73dfcec920d65b256f124b3f3b69972159e8a1ed8221177ae4b4708b5d2b609",
            "output_sha512": "570139a1be5038e93dd7fbc1385fd32cc0e82889c7f01474db1e101953f8a2202d499be11d08edd783177a4f070ec26deaab1d4df9c31feb6510cd5b13667c80",
            "output_size": 2458695,
            "source": [],
            "source_content": null,
            "source_content_filename": null,
            "source_dir": "../lambda_function/identify-client/app",
            "source_file": null,
            "type": "zip"
          },
          "sensitive_attributes": []
        }
      ]
    },
    {
      "mode": "data",
      "type": "aws_iam_role",
      "name": "LabRole",
      "provider": "provider[\"registry.terraform.io/hashicorp/aws\"]",
      "instances": [
        {
          "schema_version": 0,
          "attributes": {
            "arn": "arn:aws:iam::975049952960:role/LabRole",
            "assume_role_policy": "{\"Version\":\"2012-10-17\",\"Statement\":[{\"Effect\":\"Allow\",\"Principal\":{\"Service\":[\"databrew.amazonaws.com\",\"events.amazonaws.com\",\"rds.amazonaws.com\",\"servicecatalog.amazonaws.com\",\"dynamodb.amazonaws.com\",\"forecast.amazonaws.com\",\"codecommit.amazonaws.com\",\"rekognition.amazonaws.com\",\"kinesisanalytics.amazonaws.com\",\"lambda.amazonaws.com\",\"iot.amazonaws.com\",\"firehose.amazonaws.com\",\"iotevents.amazonaws.com\",\"apigateway.amazonaws.com\",\"s3.amazonaws.com\",\"deepracer.amazonaws.com\",\"sagemaker.amazonaws.com\",\"eks-fargate-pods.amazonaws.com\",\"cognito-idp.amazonaws.com\",\"elasticfilesystem.amazonaws.com\",\"ec2.application-autoscaling.amazonaws.com\",\"eks.amazonaws.com\",\"kms.amazonaws.com\",\"sns.amazonaws.com\",\"application-autoscaling.amazonaws.com\",\"elasticloadbalancing.amazonaws.com\",\"cloudformation.amazonaws.com\",\"iotanalytics.amazonaws.com\",\"kinesis.amazonaws.com\",\"redshift.amazonaws.com\",\"secretsmanager.amazonaws.com\",\"ecs.amazonaws.com\",\"ssm.amazonaws.com\",\"elasticbeanstalk.amazonaws.com\",\"codewhisperer.amazonaws.com\",\"sqs.amazonaws.com\",\"codedeploy.amazonaws.com\",\"logs.amazonaws.com\",\"glue.amazonaws.com\",\"elasticmapreduce.amazonaws.com\",\"athena.amazonaws.com\",\"cloudtrail.amazonaws.com\",\"ec2.amazonaws.com\",\"states.amazonaws.com\",\"autoscaling.amazonaws.com\",\"resource-groups.amazonaws.com\",\"credentials.iot.amazonaws.com\",\"ecs-tasks.amazonaws.com\",\"pipes.amazonaws.com\",\"backup.amazonaws.com\",\"batch.amazonaws.com\",\"scheduler.amazonaws.com\",\"cloud9.amazonaws.com\"],\"AWS\":\"arn:aws:iam::975049952960:role/LabRole\"},\"Action\":\"sts:AssumeRole\"}]}",
            "create_date": "2024-11-25T10:46:23Z",
            "description": "",
            "id": "LabRole",
            "max_session_duration": 3600,
            "name": "LabRole",
            "path": "/",
            "permissions_boundary": "",
            "role_last_used": [
              {
                "last_used_date": "2024-11-25T22:35:02Z",
                "region": "us-east-1"
              }
            ],
            "tags": {
              "cloudlab": "c137866a3517877l8358224t1w975049952960"
            },
            "unique_id": "AROA6GBMBR3AC7KNOOYGX"
          },
          "sensitive_attributes": []
        }
      ]
    },
    {
      "mode": "data",
      "type": "aws_lb",
      "name": "nodegroupLb",
      "provider": "provider[\"registry.terraform.io/hashicorp/aws\"]",
      "instances": [
        {
          "schema_version": 0,
          "attributes": {
            "access_logs": [
              {
                "bucket": "",
                "enabled": false,
                "prefix": ""
              }
            ],
            "arn": "arn:aws:elasticloadbalancing:us-east-1:975049952960:loadbalancer/app/ALB-tech-fiap-app/382e02e1c89f6bed",
            "arn_suffix": "app/ALB-tech-fiap-app/382e02e1c89f6bed",
            "client_keep_alive": 3600,
            "connection_logs": [
              {
                "bucket": "",
                "enabled": false,
                "prefix": ""
              }
            ],
            "customer_owned_ipv4_pool": "",
            "desync_mitigation_mode": "defensive",
            "dns_name": "ALB-tech-fiap-app-1366756784.us-east-1.elb.amazonaws.com",
            "dns_record_client_routing_policy": null,
            "drop_invalid_header_fields": false,
            "enable_cross_zone_load_balancing": true,
            "enable_deletion_protection": false,
            "enable_http2": true,
            "enable_tls_version_and_cipher_suite_headers": false,
            "enable_waf_fail_open": false,
            "enable_xff_client_port": false,
            "enable_zonal_shift": false,
            "enforce_security_group_inbound_rules_on_private_link_traffic": "",
            "id": "arn:aws:elasticloadbalancing:us-east-1:975049952960:loadbalancer/app/ALB-tech-fiap-app/382e02e1c89f6bed",
            "idle_timeout": 60,
            "internal": false,
            "ip_address_type": "ipv4",
            "load_balancer_type": "application",
            "name": "ALB-tech-fiap-app",
            "preserve_host_header": false,
            "security_groups": [
              "sg-0f5c832b13077783e"
            ],
            "subnet_mapping": [
              {
                "allocation_id": "",
                "ipv6_address": "",
                "outpost_id": "",
                "private_ipv4_address": "",
                "subnet_id": "subnet-05f1225ddd46c6ea3"
              },
              {
                "allocation_id": "",
                "ipv6_address": "",
                "outpost_id": "",
                "private_ipv4_address": "",
                "subnet_id": "subnet-06fe3ca59ec43d385"
              },
              {
                "allocation_id": "",
                "ipv6_address": "",
                "outpost_id": "",
                "private_ipv4_address": "",
                "subnet_id": "subnet-0981efbcf307bb1a4"
              },
              {
                "allocation_id": "",
                "ipv6_address": "",
                "outpost_id": "",
                "private_ipv4_address": "",
                "subnet_id": "subnet-0a82a2f1393cbb40c"
              },
              {
                "allocation_id": "",
                "ipv6_address": "",
                "outpost_id": "",
                "private_ipv4_address": "",
                "subnet_id": "subnet-0c3e82b0868acc7f1"
              },
              {
                "allocation_id": "",
                "ipv6_address": "",
                "outpost_id": "",
                "private_ipv4_address": "",
                "subnet_id": "subnet-0d849d7117cfee130"
              }
            ],
            "subnets": [
              "subnet-05f1225ddd46c6ea3",
              "subnet-06fe3ca59ec43d385",
              "subnet-0981efbcf307bb1a4",
              "subnet-0a82a2f1393cbb40c",
              "subnet-0c3e82b0868acc7f1",
              "subnet-0d849d7117cfee130"
            ],
            "tags": {},
            "timeouts": null,
            "vpc_id": "vpc-0261505ef3e2d68a4",
            "xff_header_processing_mode": "append",
            "zone_id": "Z35SXDOTRQ7X7K"
          },
          "sensitive_attributes": []
        }
      ]
    },
    {
      "mode": "managed",
      "type": "aws_lambda_function",
      "name": "lambda_base",
      "provider": "provider[\"registry.terraform.io/hashicorp/aws\"]",
      "instances": [
        {
          "schema_version": 0,
          "attributes": {
            "architectures": [
              "x86_64"
            ],
            "arn": "arn:aws:lambda:us-east-1:975049952960:function:identity-authorizer",
            "code_sha256": "5z387JINZbJW8SSz87aZchWeih7YIhF3rktHCLXStgk=",
            "code_signing_config_arn": "",
            "dead_letter_config": [],
            "description": "",
            "environment": [
              {
                "variables": {
                  "ALB_EKS": "ALB-tech-fiap-app-1366756784.us-east-1.elb.amazonaws.com"
                }
              }
            ],
            "ephemeral_storage": [
              {
                "size": 512
              }
            ],
            "file_system_config": [],
            "filename": "lambda_function.zip",
            "function_name": "identity-authorizer",
            "handler": "app.lambdaHandler",
            "id": "identity-authorizer",
            "image_config": [],
            "image_uri": "",
            "invoke_arn": "arn:aws:apigateway:us-east-1:lambda:path/2015-03-31/functions/arn:aws:lambda:us-east-1:975049952960:function:identity-authorizer/invocations",
            "kms_key_arn": "",
            "last_modified": "2024-11-25T23:14:08.664+0000",
            "layers": null,
            "logging_config": [
              {
                "application_log_level": "",
                "log_format": "Text",
                "log_group": "/aws/lambda/identity-authorizer",
                "system_log_level": ""
              }
            ],
            "memory_size": 128,
            "package_type": "Zip",
            "publish": false,
            "qualified_arn": "arn:aws:lambda:us-east-1:975049952960:function:identity-authorizer:$LATEST",
            "qualified_invoke_arn": "arn:aws:apigateway:us-east-1:lambda:path/2015-03-31/functions/arn:aws:lambda:us-east-1:975049952960:function:identity-authorizer:$LATEST/invocations",
            "replace_security_groups_on_destroy": null,
            "replacement_security_group_ids": null,
            "reserved_concurrent_executions": -1,
            "role": "arn:aws:iam::975049952960:role/LabRole",
            "runtime": "nodejs20.x",
            "s3_bucket": null,
            "s3_key": null,
            "s3_object_version": null,
            "signing_job_arn": "",
            "signing_profile_version_arn": "",
            "skip_destroy": false,
            "snap_start": [],
            "source_code_hash": "5z387JINZbJW8SSz87aZchWeih7YIhF3rktHCLXStgk=",
            "source_code_size": 2458695,
            "tags": null,
            "tags_all": {},
            "timeout": 100,
            "timeouts": null,
            "tracing_config": [
              {
                "mode": "PassThrough"
              }
            ],
            "version": "$LATEST",
            "vpc_config": []
          },
          "sensitive_attributes": [],
          "private": "eyJlMmJmYjczMC1lY2FhLTExZTYtOGY4OC0zNDM2M2JjN2M0YzAiOnsiY3JlYXRlIjo2MDAwMDAwMDAwMDAsImRlbGV0ZSI6NjAwMDAwMDAwMDAwLCJ1cGRhdGUiOjYwMDAwMDAwMDAwMH19",
          "dependencies": [
            "data.archive_file.lambda",
            "data.aws_iam_role.LabRole",
            "data.aws_lb.nodegroupLb",
            "null_resource.install_layer_dependencies"
          ]
        }
      ]
    },
    {
      "mode": "managed",
      "type": "null_resource",
      "name": "install_layer_dependencies",
      "provider": "provider[\"registry.terraform.io/hashicorp/null\"]",
      "instances": [
        {
          "schema_version": 0,
          "attributes": {
            "id": "53591063",
            "triggers": {
              "app_hash": "e64c764db6378a36c26409a4e793c075ebd1576292745cfd4177c96ee3ae9ee1",
              "requirements_hash": "a6360b8f78cefadbb9b5dca5016c715c61888eb43364173baf70d98af39a2295"
            }
          },
          "sensitive_attributes": []
        }
      ]
    }
  ],
  "check_results": null
}
